
Microsoft Visual Studio Solution File, Format Version 12.00
# Visual Studio 14
VisualStudioVersion = 14.0.25420.1
MinimumVisualStudioVersion = 10.0.40219.1
Project("{FAE04EC0-301F-11D3-BF4B-00C04F79EFBC}") = "ArrayWays", "ArrayWays\ArrayWays.csproj", "{EBE48C12-635C-41FA-B4AD-269C82883AC6}"
EndProject
Global
	GlobalSection(SolutionConfigurationPlatforms) = preSolution
		Debug|Any CPU = Debug|Any CPU
		Release|Any CPU = Release|Any CPU
	EndGlobalSection
	GlobalSection(ProjectConfigurationPlatforms) = postSolution
		{EBE48C12-635C-41FA-B4AD-269C82883AC6}.Debug|Any CPU.ActiveCfg = Debug|Any CPU
		{EBE48C12-635C-41FA-B4AD-269C82883AC6}.Debug|Any CPU.Build.0 = Debug|Any CPU
		{EBE48C12-635C-41FA-B4AD-269C82883AC6}.Release|Any CPU.ActiveCfg = Release|Any CPU
		{EBE48C12-635C-41FA-B4AD-269C82883AC6}.Release|Any CPU.Build.0 = Release|Any CPU
	EndGlobalSection
	GlobalSection(SolutionProperties) = preSolution
		HideSolutionNode = FALSE
	EndGlobalSection
EndGlobal
